
Microsoft Visual Studio Solution File, Format Version 12.00
# Visual Studio Version 17
VisualStudioVersion = 17.7.34024.191
MinimumVisualStudioVersion = 10.0.40219.1
Project("{FAE04EC0-301F-11D3-BF4B-00C04F79EFBC}") = "Static Variables", "Static Variables\Static Variables.csproj", "{FF193C9A-EA27-4704-90E7-9D702B8D2B37}"
EndProject
Global
	GlobalSection(SolutionConfigurationPlatforms) = preSolution
		Debug|Any CPU = Debug|Any CPU
		Release|Any CPU = Release|Any CPU
	EndGlobalSection
	GlobalSection(ProjectConfigurationPlatforms) = postSolution
		{FF193C9A-EA27-4704-90E7-9D702B8D2B37}.Debug|Any CPU.ActiveCfg = Debug|Any CPU
		{FF193C9A-EA27-4704-90E7-9D702B8D2B37}.Debug|Any CPU.Build.0 = Debug|Any CPU
		{FF193C9A-EA27-4704-90E7-9D702B8D2B37}.Release|Any CPU.ActiveCfg = Release|Any CPU
		{FF193C9A-EA27-4704-90E7-9D702B8D2B37}.Release|Any CPU.Build.0 = Release|Any CPU
	EndGlobalSection
	GlobalSection(SolutionProperties) = preSolution
		HideSolutionNode = FALSE
	EndGlobalSection
	GlobalSection(ExtensibilityGlobals) = postSolution
		SolutionGuid = {098666E3-3560-4846-B4F5-E28476CA5142}
	EndGlobalSection
EndGlobal
